
Microsoft Visual Studio Solution File, Format Version 12.00
# Visual Studio Version 17
VisualStudioVersion = 17.0.31903.59
MinimumVisualStudioVersion = 10.0.40219.1
Project("{FAE04EC0-301F-11D3-BF4B-00C04F79EFBC}") = "GameFolder", "GameFolder\GameFolder.csproj", "{CDF1E3A4-1F1E-4C37-BDD4-BBAD7E796939}"
EndProject
Project("{FAE04EC0-301F-11D3-BF4B-00C04F79EFBC}") = "Test", "Test\Test.csproj", "{78A5979A-A890-4EFF-A448-696027E35FC4}"
EndProject
Global
	GlobalSection(SolutionConfigurationPlatforms) = preSolution
		Debug|Any CPU = Debug|Any CPU
		Release|Any CPU = Release|Any CPU
	EndGlobalSection
	GlobalSection(SolutionProperties) = preSolution
		HideSolutionNode = FALSE
	EndGlobalSection
	GlobalSection(ProjectConfigurationPlatforms) = postSolution
		{CDF1E3A4-1F1E-4C37-BDD4-BBAD7E796939}.Debug|Any CPU.ActiveCfg = Debug|Any CPU
		{CDF1E3A4-1F1E-4C37-BDD4-BBAD7E796939}.Debug|Any CPU.Build.0 = Debug|Any CPU
		{CDF1E3A4-1F1E-4C37-BDD4-BBAD7E796939}.Release|Any CPU.ActiveCfg = Release|Any CPU
		{CDF1E3A4-1F1E-4C37-BDD4-BBAD7E796939}.Release|Any CPU.Build.0 = Release|Any CPU
		{78A5979A-A890-4EFF-A448-696027E35FC4}.Debug|Any CPU.ActiveCfg = Debug|Any CPU
		{78A5979A-A890-4EFF-A448-696027E35FC4}.Debug|Any CPU.Build.0 = Debug|Any CPU
		{78A5979A-A890-4EFF-A448-696027E35FC4}.Release|Any CPU.ActiveCfg = Release|Any CPU
		{78A5979A-A890-4EFF-A448-696027E35FC4}.Release|Any CPU.Build.0 = Release|Any CPU
	EndGlobalSection
EndGlobal
